{
    "_meta": {
        "hash": {
            "sha256": "7f449cecee4e52402fdeb902e927f50287de82180c801b0953c0337151cfaecd"
        },
        "pipfile-spec": 6,
        "requires": {
            "python_version": "3.7.0"
        },
        "sources": [
            {
                "url": "https://pypi.python.org/simple"
            }
        ]
    },
    "default": {
        "aiounittest": {
            "hashes": [
                "sha256:bf51a4a430d28b1a527abb0bea1465a3a36a2bbca13bf9b84e749985b4c5a788",
                "sha256:c41ea2ae679ea426d0666b5e5c338119b999a9ba5c13ec08ab27f025147ee372"
            ],
            "version": "==1.4.1"
        },
        "attrdict": {
            "hashes": [
                "sha256:35c90698b55c683946091177177a9e9c0713a0860f0e049febd72649ccd77b70",
                "sha256:9432e3498c74ff7e1b20b3d93b45d766b71cbffa90923496f82c4ae38b92be34"
            ],
            "version": "==2.0.1"
        },
        "base58": {
            "hashes": [
                "sha256:11a36f4d3ce51dfc1043f3218591ac4eb1ceb172919cebe05b52a5bcc8d245c2",
                "sha256:c5d0cb3f5b6e81e8e35da5754388ddcc6d0d14b6c6a132cb93d69ed580a7278c"
            ],
            "markers": "python_version >= '3.5'",
            "version": "==2.1.1"
        },
        "blockchain-parser": {
            "hashes": [
                "sha256:413281c3ade054f52eec832665c6d06979cd3a2f1e193c9bf4af7c42bc990e4a",
                "sha256:4a76b1a78bbf29264b0a04bfe1b63d40982e9823bba46748a16da63dfbd1f8db",
                "sha256:6c0d4cdbb11a3497593bee05ff0e46a989f6225f2f01b1256834b9760e18d571"
            ],
            "version": "==0.1.5"
        },
        "certifi": {
            "hashes": [
                "sha256:78884e7c1d4b00ce3cea67b44566851c4343c120abd683433ce934a68ea58872",
                "sha256:d62a0163eb4c2344ac042ab2bdf75399a71a2d8c7d47eac2e2ee91b9d6339569"
            ],
            "version": "==2021.10.8"
        },
        "charset-normalizer": {
            "hashes": [
                "sha256:2842d8f5e82a1f6aa437380934d5e1cd4fcf2003b06fed6940769c164a480a45",
                "sha256:98398a9d69ee80548c762ba991a4728bfc3836768ed226b3945908d1a688371c"
            ],
            "markers": "python_version >= '3'",
            "version": "==2.0.11"
        },
        "click": {
            "hashes": [
                "sha256:d2b5255c7c6349bc1bd1e59e08cd12acbbd63ce649f2588755783aa94dfb6b1a",
                "sha256:dacca89f4bfadd5de3d7489b7c8a566eee0d3676333fbb50030263894c38c0dc"
            ],
            "markers": "python_version >= '2.7' and python_version not in '3.0, 3.1, 3.2, 3.3, 3.4'",
            "version": "==7.1.2"
        },
        "colorama": {
            "hashes": [
                "sha256:5941b2b48a20143d2267e95b1c2a7603ce057ee39fd88e7329b0c292aa16869b",
                "sha256:9f47eda37229f68eee03b24b9748937c7dc3868f906e8ba69fbcbdd3bc5dc3e2"
            ],
            "markers": "python_version >= '2.7' and python_version not in '3.0, 3.1, 3.2, 3.3, 3.4'",
            "version": "==0.4.4"
        },
        "cytoolz": {
            "hashes": [
                "sha256:ea23663153806edddce7e4153d1d407d62357c05120a4e8485bddf1bd5ab22b4"
            ],
            "markers": "implementation_name == 'cpython'",
            "version": "==0.11.2"
        },
        "eth-abi": {
            "hashes": [
                "sha256:04e64f739c6f6cb6aded3e7c8924cc49ffbb088ac53ad1786765747853f167b1",
                "sha256:2a898568fd85b8f162b89890695f7e08d7a53dec70ecdb6bea20c544241d8621"
            ],
            "version": "==1.3.0"
        },
        "eth-account": {
            "hashes": [
                "sha256:3b5b1735db5736c9bb59786256edb0e18ea912f0a3d835611abb0266aa71c0d1",
                "sha256:63d782e7d0db455d13b5d6f18df790895072fde49ed00f1c176ae11dfa87251b"
            ],
            "version": "==0.3.0"
        },
        "eth-hash": {
            "hashes": [
                "sha256:3f40cecd5ead88184aa9550afc19d057f103728108c5102f592f8415949b5a76",
                "sha256:de7385148a8e0237ba1240cddbc06d53f56731140f8593bdb8429306f6b42271"
            ],
            "markers": "python_version >= '3.5' and python_version < '4'",
            "version": "==0.3.2"
        },
        "eth-keyfile": {
            "hashes": [
                "sha256:70d734af17efdf929a90bb95375f43522be4ed80c3b9e0a8bca575fb11cd1159",
                "sha256:939540efb503380bc30d926833e6a12b22c6750de80feef3720d79e5a79de47d"
            ],
            "version": "==0.5.1"
        },
        "eth-keys": {
            "hashes": [
                "sha256:d1cdcd6b2118edf5dcd112ba6efc4b187b028c5c7d6af6ca04d90b7af94a1c58",
                "sha256:e15a0140852552ec3eb07e9731e23d390aea4bae892022279af42ce32e9c2620"
            ],
            "version": "==0.2.4"
        },
        "eth-rlp": {
            "hashes": [
                "sha256:cc389ef8d7b6f76a98f90bcdbff1b8684b3a78f53d47e871191b50d4d6aee5a1",
                "sha256:f016f980b0ed42ee7650ba6e4e4d3c4e9aa06d8b9c6825a36d3afe5aa0187a8b"
            ],
            "markers": "python_version >= '3.6' and python_version < '4'",
            "version": "==0.2.1"
        },
        "eth-typing": {
            "hashes": [
                "sha256:39cce97f401f082739b19258dfa3355101c64390914c73fe2b90012f443e0dc7",
                "sha256:b7fa58635c1cb0cbf538b2f5f1e66139575ea4853eac1d6000f0961a4b277422"
            ],
            "markers": "python_version >= '3.5' and python_version < '4'",
            "version": "==2.3.0"
        },
        "eth-utils": {
            "hashes": [
                "sha256:74240a8c6f652d085ed3c85f5f1654203d2f10ff9062f83b3bad0a12ff321c7a",
                "sha256:bf82762a46978714190b0370265a7148c954d3f0adaa31c6f085ea375e4c61af"
            ],
            "markers": "python_version >= '3.5' and python_version < '4' and python_full_version != '3.5.2'",
            "version": "==1.10.0"
        },
        "ethereum-dasm": {
            "hashes": [
                "sha256:1defae432dfc45b118b4a3e69e375fd76c1a676b87c032c71c51bea92552bdb5",
                "sha256:bad8b20f68728592b87bc9a4145e037cce329c4e396c0a4b79fc6ac32ffac220"
            ],
            "version": "==0.1.4"
        },
        "ethereum-etl": {
            "hashes": [
                "sha256:df2b5b814db487c27cdc0d21ef815512391ba554f7162c69a345fac8b3945f94"
            ],
            "version": "==1.10.0"
        },
        "evmdasm": {
            "hashes": [
                "sha256:2939c2e703a85370bfc9b345c41b774f3cdd57fb266d7adfa971a0dbca62668b",
                "sha256:845fad1bf21d21e265c363f66314bd9e323d13942bbfbc6c6c5a24b561808f6c",
                "sha256:cbe0fd91b51d43818ab6812ea5011ccdbd5fe0b9131980fc4dfda160a783830e"
            ],
            "version": "==0.1.8"
        },
        "hexbytes": {
            "hashes": [
                "sha256:a5881304d186e87578fb263a85317c808cf130e1d4b3d37d30142ab0f7898d03",
                "sha256:ef53c37ea9f316fff86fcb1df057b4c6ba454da348083e972031bbf7bc9c3acc"
            ],
            "markers": "python_version >= '3.6' and python_version < '4'",
            "version": "==0.2.2"
        },
        "idna": {
            "hashes": [
                "sha256:84d9dd047ffa80596e0f246e2eab0b391788b0503584e8945f2368256d2735ff",
                "sha256:9d643ff0a55b762d5cdb124b8eaa99c66322e2157b69160bc32796e824360e6d"
            ],
            "markers": "python_version >= '3'",
            "version": "==3.3"
        },
        "kafka-python": {
            "hashes": [
                "sha256:04dfe7fea2b63726cd6f3e79a2d86e709d608d74406638c5da33a01d45a9d7e3",
                "sha256:2d92418c7cb1c298fa6c7f0fb3519b520d0d7526ac6cb7ae2a4fc65a51a94b6e"
            ],
            "version": "==2.0.2"
        },
        "lmdb": {
            "hashes": [
                "sha256:008243762decf8f6c90430a9bced56290ebbcdb5e877d90e42343bb97033e494",
                "sha256:08f4b5129f4683802569b02581142e415c8dcc0ff07605983ec1b07804cecbad",
                "sha256:17215a42a4b9814c383deabecb160581e4fb75d00198eef0e3cea54f230ffbea",
                "sha256:18c69fabdaf04efaf246587739cc1062b3e57c6ef0743f5c418df89e5e7e7b9b",
                "sha256:2cfa4aa9c67f8aee89b23005e98d1f3f32490b6b905fd1cb604b207cbd5755ab",
                "sha256:2df38115dd9428a54d59ae7c712a4c7cce0d6b1d66056de4b1a8c38718066106",
                "sha256:394df860c3f93cfd92b6f4caba785f38208cc9614c18b3803f83a2cc1695042f",
                "sha256:41318717ab5d15ad2d6d263d34fbf614a045210f64b25e59ce734bb2105e421f",
                "sha256:4172fba19417d7b29409beca7d73c067b54e5d8ab1fb9b51d7b4c1445d20a167",
                "sha256:5a14aca2651c3af6f0d0a6b9168200eea0c8f2d27c40b01a442f33329a6e8dff",
                "sha256:5ddd590e1c7fcb395931aa3782fb89b9db4550ab2d81d006ecd239e0d462bc41",
                "sha256:60a11efc21aaf009d06518996360eed346f6000bfc9de05114374230879f992e",
                "sha256:6260a526e4ad85b1f374a5ba9475bf369fb07e7728ea6ec57226b02c40d1976b",
                "sha256:62ab28e3593bdc318ea2f2fa1574e5fca3b6d1f264686d773ba54a637d4f563b",
                "sha256:63cb73fe7ce9eb93d992d632c85a0476b4332670d9e6a2802b5062f603b7809f",
                "sha256:65334eafa5d430b18d81ebd5362559a41483c362e1931f6e1b15bab2ecb7d75d",
                "sha256:7da05d70fcc6561ac6b09e9fb1bf64b7ca294652c64c8a2889273970cee796b9",
                "sha256:abbc439cd9fe60ffd6197009087ea885ac150017dc85384093b1d376f83f0ec4",
                "sha256:c6adbd6f7f9048e97f31a069e652eb51020a81e80a0ce92dbb9810d21da2409a",
                "sha256:d6a816954d212f40fd15007cd81ab7a6bebb77436d949a6a9ae04af57fc127f3",
                "sha256:d9103aa4908f0bca43c5911ca067d4e3d01f682dff0c0381a1239bd2bd757984",
                "sha256:df2724bad7820114a205472994091097d0fa65a3e5fff5a8e688d123fb8c6326",
                "sha256:e568ae0887ae196340947d9800136e90feaed6b86a261ef01f01b2ba65fc8106",
                "sha256:e6a704b3baced9182836c7f77b769f23856f3a8f62d0282b1bc1feaf81a86712",
                "sha256:eefb392f6b5cd43aada49258c5a79be11cb2c8cd3fc3e2d9319a1e0b9f906458",
                "sha256:f291e3f561f58dddf63a92a5a6a4b8af3a0920b6705d35e2f80e52e86ee238a2",
                "sha256:fa6439356e591d3249ab0e1778a6f8d8408e993f66dc911914c78208f5310309"
            ],
            "version": "==1.3.0"
        },
        "lru-dict": {
            "hashes": [
                "sha256:45b81f67d75341d4433abade799a47e9c42a9e22a118531dcb5e549864032d7c"
            ],
            "version": "==1.1.7"
        },
        "monero-serialize": {
            "path": "/home/drgrid/monero-serialize",
            "version": "==3.0.2"
        },
        "parsimonious": {
            "hashes": [
                "sha256:3add338892d580e0cb3b1a39e4a1b427ff9f687858fdd61097053742391a9f6b"
            ],
            "version": "==0.8.1"
        },
        "plyvel": {
            "hashes": [
                "sha256:3d681b689524c98093877e8ddfa7692a4f5b6437d699cb9f81841b1351916ff6",
                "sha256:41213ead7ca8ba49c7e9a6431764806f8f80714a448705692fa09fb41c48cc37",
                "sha256:477e7a936c1612fc3a392168640667d6f65d76c9f2c5bb0ebbe9ea1958e9f724",
                "sha256:553a319907092ec7bbd8b2bb534f310d59a29217c0b6ffcfecca42195db58d10",
                "sha256:9ced37cfd30de697f92542af50a119c001e6badef01ea4644514ecccf0893f77",
                "sha256:ada56f3e515f25cece9cbb90eb68edabbb6586d4f7222c6315c8616b6d205c85",
                "sha256:b2842147b200f4b7c339d7ddc937c207909c2a42c4850c27997027dd51960839"
            ],
            "version": "==1.2.0"
        },
        "pycryptodome": {
            "hashes": [
                "sha256:028dcbf62d128b4335b61c9fbb7dd8c376594db607ef36d5721ee659719935d5",
                "sha256:12ef157eb1e01a157ca43eda275fa68f8db0dd2792bc4fe00479ab8f0e6ae075",
                "sha256:2562de213960693b6d657098505fd4493c45f3429304da67efcbeb61f0edfe89",
                "sha256:27e92c1293afcb8d2639baf7eb43f4baada86e4de0f1fb22312bfc989b95dae2",
                "sha256:36e3242c4792e54ed906c53f5d840712793dc68b726ec6baefd8d978c5282d30",
                "sha256:50a5346af703330944bea503106cd50c9c2212174cfcb9939db4deb5305a8367",
                "sha256:53dedbd2a6a0b02924718b520a723e88bcf22e37076191eb9b91b79934fb2192",
                "sha256:69f05aaa90c99ac2f2af72d8d7f185f729721ad7c4be89e9e3d0ab101b0ee875",
                "sha256:75a3a364fee153e77ed889c957f6f94ec6d234b82e7195b117180dcc9fc16f96",
                "sha256:766a8e9832128c70012e0c2b263049506cbf334fb21ff7224e2704102b6ef59e",
                "sha256:7fb90a5000cc9c9ff34b4d99f7f039e9c3477700e309ff234eafca7b7471afc0",
                "sha256:893f32210de74b9f8ac869ed66c97d04e7d351182d6d39ebd3b36d3db8bda65d",
                "sha256:8b5c28058102e2974b9868d72ae5144128485d466ba8739abd674b77971454cc",
                "sha256:924b6aad5386fb54f2645f22658cb0398b1f25bc1e714a6d1522c75d527deaa5",
                "sha256:9924248d6920b59c260adcae3ee231cd5af404ac706ad30aa4cd87051bf09c50",
                "sha256:9ec761a35dbac4a99dcbc5cd557e6e57432ddf3e17af8c3c86b44af9da0189c0",
                "sha256:a36ab51674b014ba03da7f98b675fcb8eabd709a2d8e18219f784aba2db73b72",
                "sha256:aae395f79fa549fb1f6e3dc85cf277f0351e15a22e6547250056c7f0c990d6a5",
                "sha256:c880a98376939165b7dc504559f60abe234b99e294523a273847f9e7756f4132",
                "sha256:ce7a875694cd6ccd8682017a7c06c6483600f151d8916f2b25cf7a439e600263",
                "sha256:d1b7739b68a032ad14c5e51f7e4e1a5f92f3628bba024a2bda1f30c481fc85d8",
                "sha256:dcd65355acba9a1d0fc9b923875da35ed50506e339b35436277703d7ace3e222",
                "sha256:e04e40a7f8c1669195536a37979dd87da2c32dbdc73d6fe35f0077b0c17c803b",
                "sha256:e0c04c41e9ade19fbc0eff6aacea40b831bfcb2c91c266137bcdfd0d7b2f33ba",
                "sha256:e24d4ec4b029611359566c52f31af45c5aecde7ef90bf8f31620fd44c438efe7",
                "sha256:e64738207a02a83590df35f59d708bf1e7ea0d6adce712a777be2967e5f7043c",
                "sha256:ea56a35fd0d13121417d39a83f291017551fa2c62d6daa6b04af6ece7ed30d84",
                "sha256:f2772af1c3ef8025c85335f8b828d0193fa1e43256621f613280e2c81bfad423",
                "sha256:f403a3e297a59d94121cb3ee4b1cf41f844332940a62d71f9e4a009cc3533493",
                "sha256:f572a3ff7b6029dd9b904d6be4e0ce9e309dcb847b03e3ac8698d9d23bb36525"
            ],
            "version": "==3.14.1"
        },
        "python-bitcoinlib": {
            "hashes": [
                "sha256:3daafd63cb755f6e2067b7c9c514053856034c9f9363c80c37007744d54a2e06",
                "sha256:6e7982734637135599e2136d3c88d622f147e3b29201636665f799365784cd9e"
            ],
            "version": "==0.11.0"
        },
        "python-dateutil": {
            "hashes": [
                "sha256:7e6584c74aeed623791615e26efd690f29817a27c73085b78e4bad02493df2fb",
                "sha256:c89805f6f4d64db21ed966fda138f8a5ed7a4fdbc1a8ee329ce1b74e3c74da9e"
            ],
            "markers": "python_version >= '2.7' and python_version not in '3.0, 3.1, 3.2, 3.3'",
            "version": "==2.8.0"
        },
        "python-magic": {
            "hashes": [
                "sha256:1a2c81e8f395c744536369790bd75094665e9644110a6623bcc3bbea30f03973",
                "sha256:21f5f542aa0330f5c8a64442528542f6215c8e18d2466b399b0d9d39356d83fc"
            ],
            "version": "==0.4.25"
        },
        "python-snappy": {
            "hashes": [
                "sha256:0094411996b5c4e621fc44f8b733ba3594e4cb621374905fe9b64a9c98d6503d",
                "sha256:0439b4850eb36157d85ee348649f074654ef919794653a143acb1cb02c977e3a",
                "sha256:052b89ce69fd69af0bb6759450ae769807710fc97e92b5dbafc55c12231b7374",
                "sha256:0cf6ff9006a9a68b6b7de0bedf815c6e7211b978d5f84b95e875c016e85e1645",
                "sha256:0d0089ba7d07bb96667a0925c341d47562236d07377ed80aa5748b5993397ebc",
                "sha256:131edc7701d3def8b72ef6cd61ab491d9efd7b92976dbababb424d74b9c7b180",
                "sha256:168a98d3f597b633cfeeae7fe1c78a8dfd81f018b866cf7ce9e4c56086af891a",
                "sha256:16bd1aaff4c738eff6ab953467c51a2bfd8679a0c033aa5d8a17da5822646037",
                "sha256:186755897c002a78cac75e7b943849fba52f18819c86c83d2bf8bf617a9fd04d",
                "sha256:19a96759c8fc695986b691357bb2624bbc5190a2eb1839fb923fbc5aeec46a8f",
                "sha256:1ddc688d2164f3b99f1c7caf1cf137d70af201fe97fd727c5dbe7ec92ac0f1e6",
                "sha256:217745ade5ecb95db9ff029de9f8574d9e9847943a8f4aec6c44ae21567b34d7",
                "sha256:2354d255f7bd0bb2fbca6422a866c3adf93ff739a67f5cee1111db1e1796fac3",
                "sha256:2ee33fb4115c03037297b852da05be4af5106aaa89cee48393edcab784a3e2b7",
                "sha256:2efb42b0fcfa77c361a13951393b33cca60c02144b857e919d26aa0778c44994",
                "sha256:317059e6432bf9f58b48c566891fe2c552048241365ec2b7259db9e7908dd605",
                "sha256:36017d60beaab06eee3f197f685f5bc44801e7847753848b66d2beef73ed4e62",
                "sha256:4e79fa210e839b783d9e3ae71e1d68fe9cd319a258a74545221b340bada186f8",
                "sha256:55534761c2cd67cb5daae0adf96cf70cfa927365ce1dd8754b7f2e5580207c22",
                "sha256:57ba1052560edf457e776ed31104e3aec6137e0946e2d3f9485c814546101ac1",
                "sha256:5972dea9ead8a6bd5fa26b839e811a19977d1de446d1086ad2de6b0f95cba0d4",
                "sha256:5abe02e95f8001b99ac7f283ef86162d9cf12bc2cb1dc8b6fb39195ac10393df",
                "sha256:5c06962e2675bcb8667c9c0325f9ca73b2bc2f1f49ff90b52fca2dbb996d1d65",
                "sha256:615098b7f77bfd8373cedbd51bbafa8f11524299a2c9daa85b377f6f276b4186",
                "sha256:65be516490973f57c16962cdd511db56813fa5bcb96c627726580aa5cb967507",
                "sha256:6a6b6311af0941151008f5c07f8ff906e27f3cbc2960c79f5c26c95ad21fa873",
                "sha256:6ba085292a44e3f485d2831cb782204a83c990acace602aaef1fc6c2c69a3a5d",
                "sha256:70bb314e9bbbe072e094d5efde42f1e8fac64f1711acc89356c5d9851fc360cf",
                "sha256:71472441b63c0d5afbb9b81a19c0dafbaf073d8ab1bbfc70450ec81d3c4b86dc",
                "sha256:738fb370d0dd6bca71b0d5402f001602e859ffd8c5dcd7bc8493ef49d0e44297",
                "sha256:7b785a5c3163c5b0d41dedb0795e973eea32ba3b336b412b3123ec45e8bbd73a",
                "sha256:7cf48fb7bb598906c595ae90b502a1801e85540d7b7bcbba7faeb46534beec5a",
                "sha256:7e6d700b1f9be03e53c35a15b5bb51c473327d321632b64ecdab71542078ac2d",
                "sha256:7ef899f2704784032a1f020e983b29ef5c519203ffd0d5a17ff5e1f751b8dba6",
                "sha256:80e361065b87b5b65413cf45f2c9040fb85ed5329c1bccfbceca18ebee02a927",
                "sha256:87f5994aef0a1f1fde01904421106c9006015d97e7b13aa72998f5a942093603",
                "sha256:8b392483ece13646514262900e65296c01d671453cc417e045e2970f4855decd",
                "sha256:8d29b136799a3e059d22e37a3c80046e39d50baf1b0e973feb9450fbd7772fce",
                "sha256:9022e25a33ecadad1e5ff0cd1c6c60832ba3b4633b1a4d30e107b2a1bfad502d",
                "sha256:90537df2ba4a6da52ca55ab888d4d2ee410a3c4365d70bb4a2530d77afa992d6",
                "sha256:90fea26840e6b163b735d32c3497aa82cfe7b590ec840f25bbaa091f9ba2324f",
                "sha256:95be50dd65e6a46570642645ea2bbcd62bce5a58e822319b15dbdedfcd9fa717",
                "sha256:a2fae9ac351106b27f9506f34a3e9970d596fb0906b752c6fdc2e46596070ffe",
                "sha256:a3414e310ebed867709cfd903dd70ca5359491b3513dee97c64dc7306e526d66",
                "sha256:a515d6ec630822d43e79c77abfd1a80b1b4b00ba7b366d4e1f100cd853508e0a",
                "sha256:a5bf7a01b82ea3bbc7b1bd1e5060c9602ea664c8ffc31140fc9becc2fa175c4c",
                "sha256:ae88dabe6ab63446f4a15b3ed206e0fc5c9de609d81d8d41b7dc083618ffd4fb",
                "sha256:af47c221ec28eb46d35b6875b1c9119b525c0fc2f36e0eb246af942c03d3066a",
                "sha256:b4f25808d7d98954e51a581970e9968e23d6019d6aca9d9abc809e8b0a25a3a7",
                "sha256:c00c6224881bed690e547fc9712831a955fc97064f211f888b00fe6df1501e98",
                "sha256:c238ab412aeacce3fc82a322a3a4f12b99bc9d456112e213a3e85bff594f64e6",
                "sha256:cdfb9378eb00aca697f4539f4e14f61f2ccf984ee8c5496bf474795df372fade",
                "sha256:d1ec57f0f91e76d9fa2bc3e2a0473c91d6feca6541ce41fac38d4581950ce31a",
                "sha256:d4505e1b555ba6d42f691d78575c1c9ecd99045929f0a601192258b699d4dee4",
                "sha256:d64c7eefdef56a70d47c2a73955d2116d4ee64865313b488d6a64cfeb5ba5600",
                "sha256:d65f6c3e5539d657b5914d28f2ea7f8f4aa86b333a4a7cdd9fdc34f7fe5be33a",
                "sha256:d731cee6fae8904626b1af1edf56bd16d4c8e709afddc96bee785dd3345d209b",
                "sha256:d8cacada9824eafc8306fdd5f73ff57348c56f113e5676b86c29f92a71b6595f",
                "sha256:d9684a7ffb6e65313b92c2ec1934033c91d9fe8265c6cdd87412cf057d0066a5",
                "sha256:d9e97db64de3b6e58e26720b313c17bec701d38f393cf1576a06105f9dcdc2e8",
                "sha256:dc09e1a07895e4b5ec77fd83445ce835d9f2f4446967acbc4de2dc72e5bbae4a",
                "sha256:e17b56d64d86f519f5da1e64d5149ac93a6f093dc9338cd3e4066f51937c4c5c",
                "sha256:e3b9d50f0e7fe89cc94a51f540d6085f483317556dfe8aa96a16d6f8f247f76a",
                "sha256:f1ef8efafef0cc0f81f36e709b30088004a163612a8c1bbddb7b007bfb1900ff",
                "sha256:f200c606e9302c992f831d504a83aa37f3f84b48215e454b44adff601a2705ea",
                "sha256:f34008c8ec08c193a44ad5aa12a59bee768e32f33117c806562feda22a3397bd",
                "sha256:f722f3fde021da707074f3b834fa2b89e3ebdc3766177c7f77e2055cc36ec2a3",
                "sha256:f90fa653530d7a989e79580b9f5e804e8d6733c6f0d76535facf56d1e30492b5",
                "sha256:fd88b7b254d67fde2d8f3539e9ff6d8170573e546a0d430c629b2eb64fd35f37",
                "sha256:fe85cbf99291c2eb66b7d7f4a15dd1e1203ffd96d4c87b32408e3a23b8c894e5"
            ],
            "version": "==0.6.0"
        },
        "requests": {
            "hashes": [
                "sha256:68d7c56fd5a8999887728ef304a6d12edc7be74f1cfa47714fc8b414525c9a61",
                "sha256:f22fa1e554c9ddfd16e6e41ac79759e17be9e492b3587efa038054674760e72d"
            ],
            "markers": "python_version >= '2.7' and python_version not in '3.0, 3.1, 3.2, 3.3, 3.4, 3.5'",
            "version": "==2.27.1"
        },
        "rlp": {
            "hashes": [
                "sha256:52a57c9f53f03c88b189283734b397314288250cc4a3c4113e9e36e2ac6bdd16",
                "sha256:665e8312750b3fc5f7002e656d05b9dcb6e93b6063df40d95c49ad90c19d1f0e"
            ],
            "version": "==2.0.1"
        },
        "six": {
            "hashes": [
                "sha256:1e61c37477a1626458e36f7b1d82aa5c9b094fa4802892072e49de9c60c4c926",
                "sha256:8abb2f1d86890a2dfb989f9a77cfcfd3e47c2a354b01111771326f8aa26e0254"
            ],
            "markers": "python_version >= '2.7' and python_version not in '3.0, 3.1, 3.2, 3.3'",
            "version": "==1.16.0"
        },
        "tabulate": {
            "hashes": [
                "sha256:d7c013fe7abbc5e491394e10fa845f8f32fe54f8dc60c6622c6cf482d25d47e4",
                "sha256:eb1d13f25760052e8931f2ef80aaf6045a6cceb47514db8beab24cded16f13a7"
            ],
            "version": "==0.8.9"
        },
        "toolz": {
            "hashes": [
                "sha256:6b312d5e15138552f1bda8a4e66c30e236c831b612b2bf0005f8a1df10a4bc33",
                "sha256:a5700ce83414c64514d82d60bcda8aabfde092d1c1a8663f9200c07fdcc6da8f"
            ],
            "markers": "python_version >= '3.5'",
            "version": "==0.11.2"
        },
        "urllib3": {
            "hashes": [
                "sha256:000ca7f471a233c2251c6c7023ee85305721bfdf18621ebff4fd17a8653427ed",
                "sha256:0e7c33d9a63e7ddfcb86780aac87befc2fbddf46c58dbb487e0855f7ceec283c"
            ],
            "markers": "python_version >= '2.7' and python_version not in '3.0, 3.1, 3.2, 3.3, 3.4' and python_version < '4'",
            "version": "==1.26.8"
        },
        "web3": {
            "hashes": [
                "sha256:8bd0d4e024948a2d42f9ec9c9f45f98f145bbbec2309661f6d637fc4a692d545",
                "sha256:c594551d4ef9542934acef5e80cfa1ff8a9aedaf2c492d4cfa9bcfa5f049d586"
            ],
            "version": "==4.7.2"
        },
        "websockets": {
            "hashes": [
                "sha256:0e2f7d6567838369af074f0ef4d0b802d19fa1fee135d864acc656ceefa33136",
                "sha256:2a16dac282b2fdae75178d0ed3d5b9bc3258dabfae50196cbb30578d84b6f6a6",
                "sha256:5a1fa6072405648cb5b3688e9ed3b94be683ce4a4e5723e6f5d34859dee495c1",
                "sha256:5c1f55a1274df9d6a37553fef8cff2958515438c58920897675c9bc70f5a0538",
                "sha256:669d1e46f165e0ad152ed8197f7edead22854a6c90419f544e0f234cc9dac6c4",
                "sha256:695e34c4dbea18d09ab2c258994a8bf6a09564e762655408241f6a14592d2908",
                "sha256:6b2e03d69afa8d20253455e67b64de1a82ff8612db105113cccec35d3f8429f0",
                "sha256:79ca7cdda7ad4e3663ea3c43bfa8637fc5d5604c7737f19a8964781abbd1148d",
                "sha256:7fd2dd9a856f72e6ed06f82facfce01d119b88457cd4b47b7ae501e8e11eba9c",
                "sha256:82c0354ac39379d836719a77ee360ef865377aa6fdead87909d50248d0f05f4d",
                "sha256:8f3b956d11c5b301206382726210dc1d3bee1a9ccf7aadf895aaf31f71c3716c",
                "sha256:91ec98640220ae05b34b79ee88abf27f97ef7c61cf525eec57ea8fcea9f7dddb",
                "sha256:952be9540d83dba815569d5cb5f31708801e0bbfc3a8c5aef1890b57ed7e58bf",
                "sha256:99ac266af38ba1b1fe13975aea01ac0e14bb5f3a3200d2c69f05385768b8568e",
                "sha256:9fa122e7adb24232247f8a89f2d9070bf64b7869daf93ac5e19546b409e47e96",
                "sha256:a0873eadc4b8ca93e2e848d490809e0123eea154aa44ecd0109c4d0171869584",
                "sha256:cb998bd4d93af46b8b49ecf5a72c0a98e5cc6d57fdca6527ba78ad89d6606484",
                "sha256:e02e57346f6a68523e3c43bbdf35dde5c440318d1f827208ae455f6a2ace446d",
                "sha256:e79a5a896bcee7fff24a788d72e5c69f13e61369d055f28113e71945a7eb1559",
                "sha256:ee55eb6bcf23ecc975e6b47c127c201b913598f38b6a300075f84eeef2d3baff",
                "sha256:f1414e6cbcea8d22843e7eafdfdfae3dd1aba41d1945f6ca66e4806c07c4f454"
            ],
            "markers": "python_version >= '3.4'",
            "version": "==6.0"
        },
        "wrapt": {
            "hashes": [
                "sha256:086218a72ec7d986a3eddb7707c8c4526d677c7b35e355875a0fe2918b059179",
                "sha256:0877fe981fd76b183711d767500e6b3111378ed2043c145e21816ee589d91096",
                "sha256:0a017a667d1f7411816e4bf214646d0ad5b1da2c1ea13dec6c162736ff25a374",
                "sha256:0cb23d36ed03bf46b894cfec777eec754146d68429c30431c99ef28482b5c1df",
                "sha256:1fea9cd438686e6682271d36f3481a9f3636195578bab9ca3382e2f5f01fc185",
                "sha256:220a869982ea9023e163ba915077816ca439489de6d2c09089b219f4e11b6785",
                "sha256:25b1b1d5df495d82be1c9d2fad408f7ce5ca8a38085e2da41bb63c914baadff7",
                "sha256:2dded5496e8f1592ec27079b28b6ad2a1ef0b9296d270f77b8e4a3a796cf6909",
                "sha256:2ebdde19cd3c8cdf8df3fc165bc7827334bc4e353465048b36f7deeae8ee0918",
                "sha256:43e69ffe47e3609a6aec0fe723001c60c65305784d964f5007d5b4fb1bc6bf33",
                "sha256:46f7f3af321a573fc0c3586612db4decb7eb37172af1bc6173d81f5b66c2e068",
                "sha256:47f0a183743e7f71f29e4e21574ad3fa95676136f45b91afcf83f6a050914829",
                "sha256:498e6217523111d07cd67e87a791f5e9ee769f9241fcf8a379696e25806965af",
                "sha256:4b9c458732450ec42578b5642ac53e312092acf8c0bfce140ada5ca1ac556f79",
                "sha256:51799ca950cfee9396a87f4a1240622ac38973b6df5ef7a41e7f0b98797099ce",
                "sha256:5601f44a0f38fed36cc07db004f0eedeaadbdcec90e4e90509480e7e6060a5bc",
                "sha256:5f223101f21cfd41deec8ce3889dc59f88a59b409db028c469c9b20cfeefbe36",
                "sha256:610f5f83dd1e0ad40254c306f4764fcdc846641f120c3cf424ff57a19d5f7ade",
                "sha256:6a03d9917aee887690aa3f1747ce634e610f6db6f6b332b35c2dd89412912bca",
                "sha256:705e2af1f7be4707e49ced9153f8d72131090e52be9278b5dbb1498c749a1e32",
                "sha256:766b32c762e07e26f50d8a3468e3b4228b3736c805018e4b0ec8cc01ecd88125",
                "sha256:77416e6b17926d953b5c666a3cb718d5945df63ecf922af0ee576206d7033b5e",
                "sha256:778fd096ee96890c10ce96187c76b3e99b2da44e08c9e24d5652f356873f6709",
                "sha256:78dea98c81915bbf510eb6a3c9c24915e4660302937b9ae05a0947164248020f",
                "sha256:7dd215e4e8514004c8d810a73e342c536547038fb130205ec4bba9f5de35d45b",
                "sha256:7dde79d007cd6dfa65afe404766057c2409316135cb892be4b1c768e3f3a11cb",
                "sha256:81bd7c90d28a4b2e1df135bfbd7c23aee3050078ca6441bead44c42483f9ebfb",
                "sha256:85148f4225287b6a0665eef08a178c15097366d46b210574a658c1ff5b377489",
                "sha256:865c0b50003616f05858b22174c40ffc27a38e67359fa1495605f96125f76640",
                "sha256:87883690cae293541e08ba2da22cacaae0a092e0ed56bbba8d018cc486fbafbb",
                "sha256:8aab36778fa9bba1a8f06a4919556f9f8c7b33102bd71b3ab307bb3fecb21851",
                "sha256:8c73c1a2ec7c98d7eaded149f6d225a692caa1bd7b2401a14125446e9e90410d",
                "sha256:936503cb0a6ed28dbfa87e8fcd0a56458822144e9d11a49ccee6d9a8adb2ac44",
                "sha256:944b180f61f5e36c0634d3202ba8509b986b5fbaf57db3e94df11abee244ba13",
                "sha256:96b81ae75591a795d8c90edc0bfaab44d3d41ffc1aae4d994c5aa21d9b8e19a2",
                "sha256:981da26722bebb9247a0601e2922cedf8bb7a600e89c852d063313102de6f2cb",
                "sha256:ae9de71eb60940e58207f8e71fe113c639da42adb02fb2bcbcaccc1ccecd092b",
                "sha256:b73d4b78807bd299b38e4598b8e7bd34ed55d480160d2e7fdaabd9931afa65f9",
                "sha256:d4a5f6146cfa5c7ba0134249665acd322a70d1ea61732723c7d3e8cc0fa80755",
                "sha256:dd91006848eb55af2159375134d724032a2d1d13bcc6f81cd8d3ed9f2b8e846c",
                "sha256:e05e60ff3b2b0342153be4d1b597bbcfd8330890056b9619f4ad6b8d5c96a81a",
                "sha256:e6906d6f48437dfd80464f7d7af1740eadc572b9f7a4301e7dd3d65db285cacf",
                "sha256:e92d0d4fa68ea0c02d39f1e2f9cb5bc4b4a71e8c442207433d8db47ee79d7aa3",
                "sha256:e94b7d9deaa4cc7bac9198a58a7240aaf87fe56c6277ee25fa5b3aa1edebd229",
                "sha256:ea3e746e29d4000cd98d572f3ee2a6050a4f784bb536f4ac1f035987fc1ed83e",
                "sha256:ec7e20258ecc5174029a0f391e1b948bf2906cd64c198a9b8b281b811cbc04de",
                "sha256:ec9465dd69d5657b5d2fa6133b3e1e989ae27d29471a672416fd729b429eb554",
                "sha256:f122ccd12fdc69628786d0c947bdd9cb2733be8f800d88b5a37c57f1f1d73c10",
                "sha256:f99c0489258086308aad4ae57da9e8ecf9e1f3f30fa35d5e170b4d4896554d80",
                "sha256:f9c51d9af9abb899bd34ace878fbec8bf357b3194a10c4e8e0a25512826ef056",
                "sha256:fd76c47f20984b43d93de9a82011bb6e5f8325df6c9ed4d8310029a55fa361ea"
            ],
            "markers": "python_version >= '2.7' and python_version not in '3.0, 3.1, 3.2, 3.3, 3.4'",
            "version": "==1.13.3"
        }
    },
    "develop": {
        "black": {
            "hashes": [
                "sha256:07e5c049442d7ca1a2fc273c79d1aecbbf1bc858f62e8184abe1ad175c4f7cc2",
                "sha256:0e21e1f1efa65a50e3960edd068b6ae6d64ad6235bd8bfea116a03b21836af71",
                "sha256:1297c63b9e1b96a3d0da2d85d11cd9bf8664251fd69ddac068b98dc4f34f73b6",
                "sha256:228b5ae2c8e3d6227e4bde5920d2fc66cc3400fde7bcc74f480cb07ef0b570d5",
                "sha256:2d6f331c02f0f40aa51a22e479c8209d37fcd520c77721c034517d44eecf5912",
                "sha256:2ff96450d3ad9ea499fc4c60e425a1439c2120cbbc1ab959ff20f7c76ec7e866",
                "sha256:3524739d76b6b3ed1132422bf9d82123cd1705086723bc3e235ca39fd21c667d",
                "sha256:35944b7100af4a985abfcaa860b06af15590deb1f392f06c8683b4381e8eeaf0",
                "sha256:373922fc66676133ddc3e754e4509196a8c392fec3f5ca4486673e685a421321",
                "sha256:5fa1db02410b1924b6749c245ab38d30621564e658297484952f3d8a39fce7e8",
                "sha256:6f2f01381f91c1efb1451998bd65a129b3ed6f64f79663a55fe0e9b74a5f81fd",
                "sha256:742ce9af3086e5bd07e58c8feb09dbb2b047b7f566eb5f5bc63fd455814979f3",
                "sha256:7835fee5238fc0a0baf6c9268fb816b5f5cd9b8793423a75e8cd663c48d073ba",
                "sha256:8871fcb4b447206904932b54b567923e5be802b9b19b744fdff092bd2f3118d0",
                "sha256:a7c0192d35635f6fc1174be575cb7915e92e5dd629ee79fdaf0dcfa41a80afb5",
                "sha256:b1a5ed73ab4c482208d20434f700d514f66ffe2840f63a6252ecc43a9bc77e8a",
                "sha256:c8226f50b8c34a14608b848dc23a46e5d08397d009446353dad45e04af0c8e28",
                "sha256:ccad888050f5393f0d6029deea2a33e5ae371fd182a697313bdbd835d3edaf9c",
                "sha256:dae63f2dbf82882fa3b2a3c49c32bffe144970a573cd68d247af6560fc493ae1",
                "sha256:e2f69158a7d120fd641d1fa9a921d898e20d52e44a74a6fbbcc570a62a6bc8ab",
                "sha256:efbadd9b52c060a8fc3b9658744091cb33c31f830b3f074422ed27bad2b18e8f",
                "sha256:f5660feab44c2e3cb24b2419b998846cbb01c23c7fe645fee45087efa3da2d61",
                "sha256:fdb8754b453fb15fad3f72cd9cad3e16776f0964d67cf30ebcbf10327a3777a3"
            ],
            "version": "==22.1.0"
        },
        "click": {
            "hashes": [
                "sha256:d2b5255c7c6349bc1bd1e59e08cd12acbbd63ce649f2588755783aa94dfb6b1a",
                "sha256:dacca89f4bfadd5de3d7489b7c8a566eee0d3676333fbb50030263894c38c0dc"
            ],
            "markers": "python_version >= '2.7' and python_version not in '3.0, 3.1, 3.2, 3.3, 3.4'",
            "version": "==7.1.2"
        },
        "importlib-metadata": {
            "hashes": [
                "sha256:899e2a40a8c4a1aec681feef45733de8a6c58f3f6a0dbed2eb6574b4387a77b6",
                "sha256:951f0d8a5b7260e9db5e41d429285b5f451e928479f19d80818878527d36e95e"
            ],
            "markers": "python_version < '3.8'",
            "version": "==4.10.1"
        },
        "mypy-extensions": {
            "hashes": [
                "sha256:090fedd75945a69ae91ce1303b5824f428daf5a028d2f6ab8a299250a846f15d",
                "sha256:2d82818f5bb3e369420cb3c4060a7970edba416647068eb4c5343488a6c604a8"
            ],
            "version": "==0.4.3"
        },
        "pathspec": {
            "hashes": [
                "sha256:7d15c4ddb0b5c802d161efc417ec1a2558ea2653c2e8ad9c19098201dc1c993a",
                "sha256:e564499435a2673d586f6b2130bb5b95f04a3ba06f81b8f895b651a3c76aabb1"
            ],
            "version": "==0.9.0"
        },
        "platformdirs": {
            "hashes": [
                "sha256:30671902352e97b1eafd74ade8e4a694782bd3471685e78c32d0fdfd3aa7e7bb",
                "sha256:8ec11dfba28ecc0715eb5fb0147a87b1bf325f349f3da9aab2cd6b50b96b692b"
            ],
            "markers": "python_version >= '3.7'",
            "version": "==2.5.0"
        },
        "tomli": {
            "hashes": [
                "sha256:939de3e7a6161af0c887ef91b7d41a53e7c5a1ca976325f429cb46ea9bc30ecc",
                "sha256:de526c12914f0c550d15924c62d72abc48d6fe7364aa87328337a31007fe8a4f"
            ],
            "markers": "python_version >= '3.7'",
            "version": "==2.0.1"
        },
        "typed-ast": {
            "hashes": [
                "sha256:0eb77764ea470f14fcbb89d51bc6bbf5e7623446ac4ed06cbd9ca9495b62e36e",
                "sha256:1098df9a0592dd4c8c0ccfc2e98931278a6c6c53cb3a3e2cf7e9ee3b06153344",
                "sha256:183b183b7771a508395d2cbffd6db67d6ad52958a5fdc99f450d954003900266",
                "sha256:18fe320f354d6f9ad3147859b6e16649a0781425268c4dde596093177660e71a",
                "sha256:26a432dc219c6b6f38be20a958cbe1abffcc5492821d7e27f08606ef99e0dffd",
                "sha256:294a6903a4d087db805a7656989f613371915fc45c8cc0ddc5c5a0a8ad9bea4d",
                "sha256:31d8c6b2df19a777bc8826770b872a45a1f30cfefcfd729491baa5237faae837",
                "sha256:33b4a19ddc9fc551ebabca9765d54d04600c4a50eda13893dadf67ed81d9a098",
                "sha256:42c47c3b43fe3a39ddf8de1d40dbbfca60ac8530a36c9b198ea5b9efac75c09e",
                "sha256:525a2d4088e70a9f75b08b3f87a51acc9cde640e19cc523c7e41aa355564ae27",
                "sha256:58ae097a325e9bb7a684572d20eb3e1809802c5c9ec7108e85da1eb6c1a3331b",
                "sha256:676d051b1da67a852c0447621fdd11c4e104827417bf216092ec3e286f7da596",
                "sha256:74cac86cc586db8dfda0ce65d8bcd2bf17b58668dfcc3652762f3ef0e6677e76",
                "sha256:8c08d6625bb258179b6e512f55ad20f9dfef019bbfbe3095247401e053a3ea30",
                "sha256:90904d889ab8e81a956f2c0935a523cc4e077c7847a836abee832f868d5c26a4",
                "sha256:963a0ccc9a4188524e6e6d39b12c9ca24cc2d45a71cfdd04a26d883c922b4b78",
                "sha256:bbebc31bf11762b63bf61aaae232becb41c5bf6b3461b80a4df7e791fabb3aca",
                "sha256:bc2542e83ac8399752bc16e0b35e038bdb659ba237f4222616b4e83fb9654985",
                "sha256:c29dd9a3a9d259c9fa19d19738d021632d673f6ed9b35a739f48e5f807f264fb",
                "sha256:c7407cfcad702f0b6c0e0f3e7ab876cd1d2c13b14ce770e412c0c4b9728a0f88",
                "sha256:da0a98d458010bf4fe535f2d1e367a2e2060e105978873c04c04212fb20543f7",
                "sha256:df05aa5b241e2e8045f5f4367a9f6187b09c4cdf8578bb219861c4e27c443db5",
                "sha256:f290617f74a610849bd8f5514e34ae3d09eafd521dceaa6cf68b3f4414266d4e",
                "sha256:f30ddd110634c2d7534b2d4e0e22967e88366b0d356b24de87419cc4410c41b7"
            ],
            "markers": "python_version < '3.8' and implementation_name == 'cpython'",
            "version": "==1.5.2"
        },
        "typing-extensions": {
            "hashes": [
                "sha256:4ca091dea149f945ec56afb48dae714f21e8692ef22a395223bcd328961b6a0e",
                "sha256:7f001e5ac290a0c0401508864c7ec868be4e701886d5b573a9528ed3973d9d3b"
            ],
            "markers": "python_version < '3.10'",
            "version": "==4.0.1"
        },
        "zipp": {
            "hashes": [
                "sha256:9f50f446828eb9d45b267433fd3e9da8d801f614129124863f9c51ebceafb87d",
                "sha256:b47250dd24f92b7dd6a0a8fc5244da14608f3ca90a5efcd37a3b1642fac9a375"
            ],
            "markers": "python_version >= '3.7'",
            "version": "==3.7.0"
        }
    }
}
