{
    "_meta": {
        "hash": {
            "sha256": "52756956f2d9a33c421abb432e42c4373dc704c120c8f6a44eb61808193539d1"
        },
        "pipfile-spec": 6,
        "requires": {
            "python_version": "3.7.0"
        },
        "sources": [
            {
                "url": "https://pypi.python.org/simple"
            }
        ]
    },
    "default": {
        "blockchain-parser": {
            "hashes": [
                "sha256:413281c3ade054f52eec832665c6d06979cd3a2f1e193c9bf4af7c42bc990e4a",
                "sha256:4a76b1a78bbf29264b0a04bfe1b63d40982e9823bba46748a16da63dfbd1f8db",
                "sha256:6c0d4cdbb11a3497593bee05ff0e46a989f6225f2f01b1256834b9760e18d571"
            ],
            "version": "==0.1.5"
        },
        "lmdb": {
            "hashes": [
                "sha256:008243762decf8f6c90430a9bced56290ebbcdb5e877d90e42343bb97033e494",
                "sha256:08f4b5129f4683802569b02581142e415c8dcc0ff07605983ec1b07804cecbad",
                "sha256:17215a42a4b9814c383deabecb160581e4fb75d00198eef0e3cea54f230ffbea",
                "sha256:18c69fabdaf04efaf246587739cc1062b3e57c6ef0743f5c418df89e5e7e7b9b",
                "sha256:2cfa4aa9c67f8aee89b23005e98d1f3f32490b6b905fd1cb604b207cbd5755ab",
                "sha256:2df38115dd9428a54d59ae7c712a4c7cce0d6b1d66056de4b1a8c38718066106",
                "sha256:394df860c3f93cfd92b6f4caba785f38208cc9614c18b3803f83a2cc1695042f",
                "sha256:41318717ab5d15ad2d6d263d34fbf614a045210f64b25e59ce734bb2105e421f",
                "sha256:4172fba19417d7b29409beca7d73c067b54e5d8ab1fb9b51d7b4c1445d20a167",
                "sha256:5a14aca2651c3af6f0d0a6b9168200eea0c8f2d27c40b01a442f33329a6e8dff",
                "sha256:5ddd590e1c7fcb395931aa3782fb89b9db4550ab2d81d006ecd239e0d462bc41",
                "sha256:60a11efc21aaf009d06518996360eed346f6000bfc9de05114374230879f992e",
                "sha256:6260a526e4ad85b1f374a5ba9475bf369fb07e7728ea6ec57226b02c40d1976b",
                "sha256:62ab28e3593bdc318ea2f2fa1574e5fca3b6d1f264686d773ba54a637d4f563b",
                "sha256:63cb73fe7ce9eb93d992d632c85a0476b4332670d9e6a2802b5062f603b7809f",
                "sha256:65334eafa5d430b18d81ebd5362559a41483c362e1931f6e1b15bab2ecb7d75d",
                "sha256:7da05d70fcc6561ac6b09e9fb1bf64b7ca294652c64c8a2889273970cee796b9",
                "sha256:abbc439cd9fe60ffd6197009087ea885ac150017dc85384093b1d376f83f0ec4",
                "sha256:c6adbd6f7f9048e97f31a069e652eb51020a81e80a0ce92dbb9810d21da2409a",
                "sha256:d6a816954d212f40fd15007cd81ab7a6bebb77436d949a6a9ae04af57fc127f3",
                "sha256:d9103aa4908f0bca43c5911ca067d4e3d01f682dff0c0381a1239bd2bd757984",
                "sha256:df2724bad7820114a205472994091097d0fa65a3e5fff5a8e688d123fb8c6326",
                "sha256:e568ae0887ae196340947d9800136e90feaed6b86a261ef01f01b2ba65fc8106",
                "sha256:e6a704b3baced9182836c7f77b769f23856f3a8f62d0282b1bc1feaf81a86712",
                "sha256:eefb392f6b5cd43aada49258c5a79be11cb2c8cd3fc3e2d9319a1e0b9f906458",
                "sha256:f291e3f561f58dddf63a92a5a6a4b8af3a0920b6705d35e2f80e52e86ee238a2",
                "sha256:fa6439356e591d3249ab0e1778a6f8d8408e993f66dc911914c78208f5310309"
            ],
            "version": "==1.3.0"
        },
        "monero-serialize": {
            "path": "/home/drgrid/monero-serialize"
        },
        "plyvel": {
            "hashes": [
                "sha256:3d681b689524c98093877e8ddfa7692a4f5b6437d699cb9f81841b1351916ff6",
                "sha256:41213ead7ca8ba49c7e9a6431764806f8f80714a448705692fa09fb41c48cc37",
                "sha256:477e7a936c1612fc3a392168640667d6f65d76c9f2c5bb0ebbe9ea1958e9f724",
                "sha256:553a319907092ec7bbd8b2bb534f310d59a29217c0b6ffcfecca42195db58d10",
                "sha256:9ced37cfd30de697f92542af50a119c001e6badef01ea4644514ecccf0893f77",
                "sha256:ada56f3e515f25cece9cbb90eb68edabbb6586d4f7222c6315c8616b6d205c85",
                "sha256:b2842147b200f4b7c339d7ddc937c207909c2a42c4850c27997027dd51960839"
            ],
            "version": "==1.2.0"
        },
        "python-bitcoinlib": {
            "hashes": [
                "sha256:3daafd63cb755f6e2067b7c9c514053856034c9f9363c80c37007744d54a2e06",
                "sha256:6e7982734637135599e2136d3c88d622f147e3b29201636665f799365784cd9e"
            ],
            "version": "==0.11.0"
        },
        "python-magic": {
            "hashes": [
                "sha256:4fec8ee805fea30c07afccd1592c0f17977089895bdfaae5fec870a84e997626",
                "sha256:de800df9fb50f8ec5974761054a708af6e4246b03b4bdaee993f948947b0ebcf"
            ],
            "version": "==0.4.24"
        }
    },
    "develop": {}
}
